
Microsoft Visual Studio Solution File, Format Version 12.00
# Visual Studio Version 17
VisualStudioVersion = 17.7.34031.279
MinimumVisualStudioVersion = 10.0.40219.1
Project("{FAE04EC0-301F-11D3-BF4B-00C04F79EFBC}") = "BookstoreManager", "BookstoreManager.csproj", "{6362175F-0D46-4D6D-B2F8-805057B0F883}"
EndProject
Global
	GlobalSection(SolutionConfigurationPlatforms) = preSolution
		Debug|Any CPU = Debug|Any CPU
		Release|Any CPU = Release|Any CPU
	EndGlobalSection
	GlobalSection(ProjectConfigurationPlatforms) = postSolution
		{6362175F-0D46-4D6D-B2F8-805057B0F883}.Debug|Any CPU.ActiveCfg = Debug|Any CPU
		{6362175F-0D46-4D6D-B2F8-805057B0F883}.Debug|Any CPU.Build.0 = Debug|Any CPU
		{6362175F-0D46-4D6D-B2F8-805057B0F883}.Release|Any CPU.ActiveCfg = Release|Any CPU
		{6362175F-0D46-4D6D-B2F8-805057B0F883}.Release|Any CPU.Build.0 = Release|Any CPU
	EndGlobalSection
	GlobalSection(SolutionProperties) = preSolution
		HideSolutionNode = FALSE
	EndGlobalSection
	GlobalSection(ExtensibilityGlobals) = postSolution
		SolutionGuid = {064BFF84-0409-4146-AFCD-624953D76EB7}
	EndGlobalSection
EndGlobal
